PODS:
  - Flutter (1.0.0)
  - flutter_image_editor (0.0.1):
    - Flutter

DEPENDENCIES:
  - Flutter (from `.symlinks/flutter/ios`)
  - flutter_image_editor (from `.symlinks/plugins/flutter_image_editor/ios`)

EXTERNAL SOURCES:
  Flutter:
    :path: ".symlinks/flutter/ios"
  flutter_image_editor:
    :path: ".symlinks/plugins/flutter_image_editor/ios"

SPEC CHECKSUMS:
  Flutter: 0e3d915762c693b495b44d77113d4970485de6ec
  flutter_image_editor: efe4f80bd202751295bd0baf8c30a1878f191c6d

PODFILE CHECKSUM: 18866b4743153a458fbdb8daddc9e5fd752dd028

COCOAPODS: 1.7.2
