PODS:
  - Flutter (1.0.0)
  - flutter_image_editor (0.0.1):
    - Flutter

DEPENDENCIES:
  - Flutter (from `Flutter`)
  - flutter_image_editor (from `.symlinks/plugins/flutter_image_editor/ios`)

EXTERNAL SOURCES:
  Flutter:
    :path: Flutter
  flutter_image_editor:
    :path: ".symlinks/plugins/flutter_image_editor/ios"

SPEC CHECKSUMS:
  Flutter: f04841e97a9d0b0a8025694d0796dd46242b2854
  flutter_image_editor: efe4f80bd202751295bd0baf8c30a1878f191c6d

PODFILE CHECKSUM: ef19549a9bc3046e7bb7d2fab4d021637c0c58a3

COCOAPODS: 1.11.3
